
Microsoft Visual Studio Solution File, Format Version 12.00
# Visual Studio Version 16
VisualStudioVersion = 16.0.30204.135
MinimumVisualStudioVersion = 10.0.40219.1
Project("{FAE04EC0-301F-11D3-BF4B-00C04F79EFBC}") = "TRMDataManager", "TRMDataManager\TRMDataManager.csproj", "{6253D1C3-A952-41B0-93A6-255463E771C3}"
EndProject
Project("{00D1A9C2-B5F0-4AF3-8072-F6C62B433612}") = "TRMData", "TRMData\TRMData.sqlproj", "{C4ED4BAA-63A1-4C02-BD93-25608601852E}"
EndProject
Project("{FAE04EC0-301F-11D3-BF4B-00C04F79EFBC}") = "TRMDesktopUI", "TRMDesktopUI\TRMDesktopUI.csproj", "{A2DDB6E1-14AE-46FD-89EB-6E8866FD03B3}"
EndProject
Project("{9A19103F-16F7-4668-BE54-9A1E7A4F7556}") = "TRMDataManager.Library", "TRMDataManager.Library\TRMDataManager.Library.csproj", "{50958D5D-228D-4D8E-A94B-B1A9FE2A5300}"
EndProject
Project("{9A19103F-16F7-4668-BE54-9A1E7A4F7556}") = "TRMDesktopUI.Library", "TRMDesktopUI.Library\TRMDesktopUI.Library.csproj", "{4F3E6CE7-9760-475D-BD4C-1C02429D8A23}"
EndProject
Project("{2150E333-8FDC-42A3-9474-1A3956D46DE8}") = "Database", "Database", "{F7EA3E35-EF84-4E2B-B656-EC21870D75FB}"
EndProject
Project("{2150E333-8FDC-42A3-9474-1A3956D46DE8}") = "API", "API", "{65FC1148-69CF-481D-8361-3B24F8FE29D6}"
EndProject
Project("{2150E333-8FDC-42A3-9474-1A3956D46DE8}") = "WPF", "WPF", "{E41C278B-E8D3-4F49-ADEA-6AB1F1E97190}"
EndProject
Project("{FAE04EC0-301F-11D3-BF4B-00C04F79EFBC}") = "TRMApi", "TRMApi\TRMApi.csproj", "{0003DB13-0AFC-46CC-8392-FE927F452114}"
EndProject
Global
	GlobalSection(SolutionConfigurationPlatforms) = preSolution
		Debug|Any CPU = Debug|Any CPU
		Release|Any CPU = Release|Any CPU
	EndGlobalSection
	GlobalSection(ProjectConfigurationPlatforms) = postSolution
		{6253D1C3-A952-41B0-93A6-255463E771C3}.Debug|Any CPU.ActiveCfg = Debug|Any CPU
		{6253D1C3-A952-41B0-93A6-255463E771C3}.Debug|Any CPU.Build.0 = Debug|Any CPU
		{6253D1C3-A952-41B0-93A6-255463E771C3}.Release|Any CPU.ActiveCfg = Release|Any CPU
		{6253D1C3-A952-41B0-93A6-255463E771C3}.Release|Any CPU.Build.0 = Release|Any CPU
		{C4ED4BAA-63A1-4C02-BD93-25608601852E}.Debug|Any CPU.ActiveCfg = Debug|Any CPU
		{C4ED4BAA-63A1-4C02-BD93-25608601852E}.Debug|Any CPU.Build.0 = Debug|Any CPU
		{C4ED4BAA-63A1-4C02-BD93-25608601852E}.Debug|Any CPU.Deploy.0 = Debug|Any CPU
		{C4ED4BAA-63A1-4C02-BD93-25608601852E}.Release|Any CPU.ActiveCfg = Release|Any CPU
		{C4ED4BAA-63A1-4C02-BD93-25608601852E}.Release|Any CPU.Build.0 = Release|Any CPU
		{C4ED4BAA-63A1-4C02-BD93-25608601852E}.Release|Any CPU.Deploy.0 = Release|Any CPU
		{A2DDB6E1-14AE-46FD-89EB-6E8866FD03B3}.Debug|Any CPU.ActiveCfg = Debug|Any CPU
		{A2DDB6E1-14AE-46FD-89EB-6E8866FD03B3}.Debug|Any CPU.Build.0 = Debug|Any CPU
		{A2DDB6E1-14AE-46FD-89EB-6E8866FD03B3}.Release|Any CPU.ActiveCfg = Release|Any CPU
		{A2DDB6E1-14AE-46FD-89EB-6E8866FD03B3}.Release|Any CPU.Build.0 = Release|Any CPU
		{50958D5D-228D-4D8E-A94B-B1A9FE2A5300}.Debug|Any CPU.ActiveCfg = Debug|Any CPU
		{50958D5D-228D-4D8E-A94B-B1A9FE2A5300}.Debug|Any CPU.Build.0 = Debug|Any CPU
		{50958D5D-228D-4D8E-A94B-B1A9FE2A5300}.Release|Any CPU.ActiveCfg = Release|Any CPU
		{50958D5D-228D-4D8E-A94B-B1A9FE2A5300}.Release|Any CPU.Build.0 = Release|Any CPU
		{4F3E6CE7-9760-475D-BD4C-1C02429D8A23}.Debug|Any CPU.ActiveCfg = Debug|Any CPU
		{4F3E6CE7-9760-475D-BD4C-1C02429D8A23}.Debug|Any CPU.Build.0 = Debug|Any CPU
		{4F3E6CE7-9760-475D-BD4C-1C02429D8A23}.Release|Any CPU.ActiveCfg = Release|Any CPU
		{4F3E6CE7-9760-475D-BD4C-1C02429D8A23}.Release|Any CPU.Build.0 = Release|Any CPU
		{0003DB13-0AFC-46CC-8392-FE927F452114}.Debug|Any CPU.ActiveCfg = Debug|Any CPU
		{0003DB13-0AFC-46CC-8392-FE927F452114}.Debug|Any CPU.Build.0 = Debug|Any CPU
		{0003DB13-0AFC-46CC-8392-FE927F452114}.Release|Any CPU.ActiveCfg = Release|Any CPU
		{0003DB13-0AFC-46CC-8392-FE927F452114}.Release|Any CPU.Build.0 = Release|Any CPU
	EndGlobalSection
	GlobalSection(SolutionProperties) = preSolution
		HideSolutionNode = FALSE
	EndGlobalSection
	GlobalSection(NestedProjects) = preSolution
		{6253D1C3-A952-41B0-93A6-255463E771C3} = {65FC1148-69CF-481D-8361-3B24F8FE29D6}
		{C4ED4BAA-63A1-4C02-BD93-25608601852E} = {F7EA3E35-EF84-4E2B-B656-EC21870D75FB}
		{A2DDB6E1-14AE-46FD-89EB-6E8866FD03B3} = {E41C278B-E8D3-4F49-ADEA-6AB1F1E97190}
		{50958D5D-228D-4D8E-A94B-B1A9FE2A5300} = {65FC1148-69CF-481D-8361-3B24F8FE29D6}
		{4F3E6CE7-9760-475D-BD4C-1C02429D8A23} = {E41C278B-E8D3-4F49-ADEA-6AB1F1E97190}
		{0003DB13-0AFC-46CC-8392-FE927F452114} = {65FC1148-69CF-481D-8361-3B24F8FE29D6}
	EndGlobalSection
	GlobalSection(ExtensibilityGlobals) = postSolution
		SolutionGuid = {0C6C3BD3-59D4-41CA-B011-D233415D9E3F}
	EndGlobalSection
EndGlobal
